
Microsoft Visual Studio Solution File, Format Version 12.00
# Visual Studio Version 17
VisualStudioVersion = 17.5.33516.290
MinimumVisualStudioVersion = 10.0.40219.1
Project("{9A19103F-16F7-4668-BE54-9A1E7A4F7556}") = "ReadDataFromExcel", "ReadDataFromExcel\ReadDataFromExcel.csproj", "{225BD8BF-E431-44D3-B008-570B7C9A3172}"
EndProject
Project("{9A19103F-16F7-4668-BE54-9A1E7A4F7556}") = "AppForm", "AppForm\AppForm.csproj", "{9074D445-E995-4307-9368-6A3CE802C60D}"
EndProject
Project("{9A19103F-16F7-4668-BE54-9A1E7A4F7556}") = "ImageOperations", "ImageOperations\ImageOperations.csproj", "{377480CB-CDFB-48A6-B649-D87E74B57E65}"
EndProject
Global
	GlobalSection(SolutionConfigurationPlatforms) = preSolution
		Debug|Any CPU = Debug|Any CPU
		Release|Any CPU = Release|Any CPU
	EndGlobalSection
	GlobalSection(ProjectConfigurationPlatforms) = postSolution
		{225BD8BF-E431-44D3-B008-570B7C9A3172}.Debug|Any CPU.ActiveCfg = Debug|Any CPU
		{225BD8BF-E431-44D3-B008-570B7C9A3172}.Debug|Any CPU.Build.0 = Debug|Any CPU
		{225BD8BF-E431-44D3-B008-570B7C9A3172}.Release|Any CPU.ActiveCfg = Release|Any CPU
		{225BD8BF-E431-44D3-B008-570B7C9A3172}.Release|Any CPU.Build.0 = Release|Any CPU
		{9074D445-E995-4307-9368-6A3CE802C60D}.Debug|Any CPU.ActiveCfg = Debug|Any CPU
		{9074D445-E995-4307-9368-6A3CE802C60D}.Debug|Any CPU.Build.0 = Debug|Any CPU
		{9074D445-E995-4307-9368-6A3CE802C60D}.Release|Any CPU.ActiveCfg = Release|Any CPU
		{9074D445-E995-4307-9368-6A3CE802C60D}.Release|Any CPU.Build.0 = Release|Any CPU
		{377480CB-CDFB-48A6-B649-D87E74B57E65}.Debug|Any CPU.ActiveCfg = Debug|Any CPU
		{377480CB-CDFB-48A6-B649-D87E74B57E65}.Debug|Any CPU.Build.0 = Debug|Any CPU
		{377480CB-CDFB-48A6-B649-D87E74B57E65}.Release|Any CPU.ActiveCfg = Release|Any CPU
		{377480CB-CDFB-48A6-B649-D87E74B57E65}.Release|Any CPU.Build.0 = Release|Any CPU
	EndGlobalSection
	GlobalSection(SolutionProperties) = preSolution
		HideSolutionNode = FALSE
	EndGlobalSection
	GlobalSection(ExtensibilityGlobals) = postSolution
		SolutionGuid = {14DCF4D7-580F-448B-A416-F64F9422AECF}
	EndGlobalSection
EndGlobal
